
Microsoft Visual Studio Solution File, Format Version 12.00
# Visual Studio Version 17
VisualStudioVersion = 17.2.32630.192
MinimumVisualStudioVersion = 10.0.40219.1
Project("{8BC9CEB8-8B4A-11D0-8D11-00A0C91BC942}") = "BiliKiller", "BiliKiller\BiliKiller.vcxproj", "{BBCC3A87-FB4E-4E79-910F-992BA754E991}"
EndProject
Project("{8BC9CEB8-8B4A-11D0-8D11-00A0C91BC942}") = "Spy", "Spy\Spy.vcxproj", "{D16612EF-2854-4EF4-A6F0-298C3C5226F8}"
EndProject
Global
	GlobalSection(SolutionConfigurationPlatforms) = preSolution
		Debug|x64 = Debug|x64
		Debug|x86 = Debug|x86
		Release|x64 = Release|x64
		Release|x86 = Release|x86
	EndGlobalSection
	GlobalSection(ProjectConfigurationPlatforms) = postSolution
		{BBCC3A87-FB4E-4E79-910F-992BA754E991}.Debug|x64.ActiveCfg = Debug|x64
		{BBCC3A87-FB4E-4E79-910F-992BA754E991}.Debug|x64.Build.0 = Debug|x64
		{BBCC3A87-FB4E-4E79-910F-992BA754E991}.Debug|x86.ActiveCfg = Debug|Win32
		{BBCC3A87-FB4E-4E79-910F-992BA754E991}.Debug|x86.Build.0 = Debug|Win32
		{BBCC3A87-FB4E-4E79-910F-992BA754E991}.Release|x64.ActiveCfg = Release|x64
		{BBCC3A87-FB4E-4E79-910F-992BA754E991}.Release|x64.Build.0 = Release|x64
		{BBCC3A87-FB4E-4E79-910F-992BA754E991}.Release|x86.ActiveCfg = Release|Win32
		{BBCC3A87-FB4E-4E79-910F-992BA754E991}.Release|x86.Build.0 = Release|Win32
		{D16612EF-2854-4EF4-A6F0-298C3C5226F8}.Debug|x64.ActiveCfg = Debug|x64
		{D16612EF-2854-4EF4-A6F0-298C3C5226F8}.Debug|x64.Build.0 = Debug|x64
		{D16612EF-2854-4EF4-A6F0-298C3C5226F8}.Debug|x86.ActiveCfg = Debug|Win32
		{D16612EF-2854-4EF4-A6F0-298C3C5226F8}.Debug|x86.Build.0 = Debug|Win32
		{D16612EF-2854-4EF4-A6F0-298C3C5226F8}.Release|x64.ActiveCfg = Release|x64
		{D16612EF-2854-4EF4-A6F0-298C3C5226F8}.Release|x64.Build.0 = Release|x64
		{D16612EF-2854-4EF4-A6F0-298C3C5226F8}.Release|x86.ActiveCfg = Release|Win32
		{D16612EF-2854-4EF4-A6F0-298C3C5226F8}.Release|x86.Build.0 = Release|Win32
	EndGlobalSection
	GlobalSection(SolutionProperties) = preSolution
		HideSolutionNode = FALSE
	EndGlobalSection
	GlobalSection(ExtensibilityGlobals) = postSolution
		SolutionGuid = {F7BABC16-7194-44A2-9A22-7CE05C5ACA82}
	EndGlobalSection
EndGlobal
